// !$*UTF8*$!
{
	archiveVersion = 1;
	classes = {
	};
	objectVersion = 50;
	objects = {

/* Begin PBXBuildFile section */
		C56C85C42423A07800D9C0A2 /* AppDelegate.swift in Sources */ = {isa = PBXBuildFile; fileRef = C56C85C32423A07800D9C0A2 /* AppDelegate.swift */; };
		C56C85C62423A07800D9C0A2 /* SceneDelegate.swift in Sources */ = {isa = PBXBuildFile; fileRef = C56C85C52423A07800D9C0A2 /* SceneDelegate.swift */; };
		C56C85C82423A07800D9C0A2 /* ContentView.swift in Sources */ = {isa = PBXBuildFile; fileRef = C56C85C72423A07800D9C0A2 /* ContentView.swift */; };
		C56C85CA2423A07900D9C0A2 /* Assets.xcassets in Resources */ = {isa = PBXBuildFile; fileRef = C56C85C92423A07900D9C0A2 /* Assets.xcassets */; };
		C56C85CD2423A07900D9C0A2 /* Preview Assets.xcassets in Resources */ = {isa = PBXBuildFile; fileRef = C56C85CC2423A07900D9C0A2 /* Preview Assets.xcassets */; };
		C56C85D02423A07900D9C0A2 /* LaunchScreen.storyboard in Resources */ = {isa = PBXBuildFile; fileRef = C56C85CE2423A07900D9C0A2 /* LaunchScreen.storyboard */; };
		C56C85D82423A0D100D9C0A2 /* FlowerView.swift in Sources */ = {isa = PBXBuildFile; fileRef = C56C85D72423A0D100D9C0A2 /* FlowerView.swift */; };
		C56C85DA2423A40600D9C0A2 /* Transition+Extension.swift in Sources */ = {isa = PBXBuildFile; fileRef = C56C85D92423A40600D9C0A2 /* Transition+Extension.swift */; };
/* End PBXBuildFile section */

/* Begin PBXFileReference section */
		C56C85C02423A07800D9C0A2 /* BreathingAnimation.app */ = {isa = PBXFileReference; explicitFileType = wrapper.application; includeInIndex = 0; path = BreathingAnimation.app; sourceTree = BUILT_PRODUCTS_DIR; };
		C56C85C32423A07800D9C0A2 /* AppDelegate.swift */ = {isa = PBXFileReference; lastKnownFileType = sourcecode.swift; path = AppDelegate.swift; sourceTree = "<group>"; };
		C56C85C52423A07800D9C0A2 /* SceneDelegate.swift */ = {isa = PBXFileReference; lastKnownFileType = sourcecode.swift; path = SceneDelegate.swift; sourceTree = "<group>"; };
		C56C85C72423A07800D9C0A2 /* ContentView.swift */ = {isa = PBXFileReference; lastKnownFileType = sourcecode.swift; path = ContentView.swift; sourceTree = "<group>"; };
		C56C85C92423A07900D9C0A2 /* Assets.xcassets */ = {isa = PBXFileReference; lastKnownFileType = folder.assetcatalog; path = Assets.xcassets; sourceTree = "<group>"; };
		C56C85CC2423A07900D9C0A2 /* Preview Assets.xcassets */ = {isa = PBXFileReference; lastKnownFileType = folder.assetcatalog; path = "Preview Assets.xcassets"; sourceTree = "<group>"; };
		C56C85CF2423A07900D9C0A2 /* Base */ = {isa = PBXFileReference; lastKnownFileType = file.storyboard; name = Base; path = Base.lproj/LaunchScreen.storyboard; sourceTree = "<group>"; };
		C56C85D12423A07900D9C0A2 /* Info.plist */ = {isa = PBXFileReference; lastKnownFileType = text.plist.xml; path = Info.plist; sourceTree = "<group>"; };
		C56C85D72423A0D100D9C0A2 /* FlowerView.swift */ = {isa = PBXFileReference; lastKnownFileType = sourcecode.swift; path = FlowerView.swift; sourceTree = "<group>"; };
		C56C85D92423A40600D9C0A2 /* Transition+Extension.swift */ = {isa = PBXFileReference; lastKnownFileType = sourcecode.swift; path = "Transition+Extension.swift"; sourceTree = "<group>"; };
/* End PBXFileReference section */

/* Begin PBXFrameworksBuildPhase section */
		C56C85BD2423A07800D9C0A2 /* Frameworks */ = {
			isa = PBXFrameworksBuildPhase;
			buildActionMask = 2147483647;
			files = (
			);
			runOnlyForDeploymentPostprocessing = 0;
		};
/* End PBXFrameworksBuildPhase section */

/* Begin PBXGroup section */
		C56C85B72423A07800D9C0A2 = {
			isa = PBXGroup;
			children = (
				C56C85C22423A07800D9C0A2 /* BreathingAnimation */,
				C56C85C12423A07800D9C0A2 /* Products */,
			);
			sourceTree = "<group>";
		};
		C56C85C12423A07800D9C0A2 /* Products */ = {
			isa = PBXGroup;
			children = (
				C56C85C02423A07800D9C0A2 /* BreathingAnimation.app */,
			);
			name = Products;
			sourceTree = "<group>";
		};
		C56C85C22423A07800D9C0A2 /* BreathingAnimation */ = {
			isa = PBXGroup;
			children = (
				C56C85C32423A07800D9C0A2 /* AppDelegate.swift */,
				C56C85C52423A07800D9C0A2 /* SceneDelegate.swift */,
				C56C85C72423A07800D9C0A2 /* ContentView.swift */,
				C56C85D72423A0D100D9C0A2 /* FlowerView.swift */,
				C56C85D92423A40600D9C0A2 /* Transition+Extension.swift */,
				C56C85C92423A07900D9C0A2 /* Assets.xcassets */,
				C56C85CE2423A07900D9C0A2 /* LaunchScreen.storyboard */,
				C56C85D12423A07900D9C0A2 /* Info.plist */,
				C56C85CB2423A07900D9C0A2 /* Preview Content */,
			);
			path = BreathingAnimation;
			sourceTree = "<group>";
		};
		C56C85CB2423A07900D9C0A2 /* Preview Content */ = {
			isa = PBXGroup;
			children = (
				C56C85CC2423A07900D9C0A2 /* Preview Assets.xcassets */,
			);
			path = "Preview Content";
			sourceTree = "<group>";
		};
/* End PBXGroup section */

/* Begin PBXNativeTarget section */
		C56C85BF2423A07800D9C0A2 /* BreathingAnimation */ = {
			isa = PBXNativeTarget;
			buildConfigurationList = C56C85D42423A07900D9C0A2 /* Build configuration list for PBXNativeTarget "BreathingAnimation" */;
			buildPhases = (
				C56C85BC2423A07800D9C0A2 /* Sources */,
				C56C85BD2423A07800D9C0A2 /* Frameworks */,
				C56C85BE2423A07800D9C0A2 /* Resources */,
			);
			buildRules = (
			);
			dependencies = (
			);
			name = BreathingAnimation;
			productName = BreathingAnimation;
			productReference = C56C85C02423A07800D9C0A2 /* BreathingAnimation.app */;
			productType = "com.apple.product-type.application";
		};
/* End PBXNativeTarget section */

/* Begin PBXProject section */
		C56C85B82423A07800D9C0A2 /* Project object */ = {
			isa = PBXProject;
			attributes = {
				LastSwiftUpdateCheck = 1130;
				LastUpgradeCheck = 1130;
				ORGANIZATIONNAME = CodingBytes;
				TargetAttributes = {
					C56C85BF2423A07800D9C0A2 = {
						CreatedOnToolsVersion = 11.3.1;
					};
				};
			};
			buildConfigurationList = C56C85BB2423A07800D9C0A2 /* Build configuration list for PBXProject "BreathingAnimation" */;
			compatibilityVersion = "Xcode 9.3";
			developmentRegion = en;
			hasScannedForEncodings = 0;
			knownRegions = (
				en,
				Base,
			);
			mainGroup = C56C85B72423A07800D9C0A2;
			productRefGroup = C56C85C12423A07800D9C0A2 /* Products */;
			projectDirPath = "";
			projectRoot = "";
			targets = (
				C56C85BF2423A07800D9C0A2 /* BreathingAnimation */,
			);
		};
/* End PBXProject section */

/* Begin PBXResourcesBuildPhase section */
		C56C85BE2423A07800D9C0A2 /* Resources */ = {
			isa = PBXResourcesBuildPhase;
			buildActionMask = 2147483647;
			files = (
				C56C85D02423A07900D9C0A2 /* LaunchScreen.storyboard in Resources */,
				C56C85CD2423A07900D9C0A2 /* Preview Assets.xcassets in Resources */,
				C56C85CA2423A07900D9C0A2 /* Assets.xcassets in Resources */,
			);
			runOnlyForDeploymentPostprocessing = 0;
		};
/* End PBXResourcesBuildPhase section */

/* Begin PBXSourcesBuildPhase section */
		C56C85BC2423A07800D9C0A2 /* Sources */ = {
			isa = PBXSourcesBuildPhase;
			buildActionMask = 2147483647;
			files = (
				C56C85C42423A07800D9C0A2 /* AppDelegate.swift in Sources */,
				C56C85D82423A0D100D9C0A2 /* FlowerView.swift in Sources */,
				C56C85C62423A07800D9C0A2 /* SceneDelegate.swift in Sources */,
				C56C85C82423A07800D9C0A2 /* ContentView.swift in Sources */,
				C56C85DA2423A40600D9C0A2 /* Transition+Extension.swift in Sources */,
			);
			runOnlyForDeploymentPostprocessing = 0;
		};
/* End PBXSourcesBuildPhase section */

/* Begin PBXVariantGroup section */
		C56C85CE2423A07900D9C0A2 /* LaunchScreen.storyboard */ = {
			isa = PBXVariantGroup;
			children = (
				C56C85CF2423A07900D9C0A2 /* Base */,
			);
			name = LaunchScreen.storyboard;
			sourceTree = "<group>";
		};
/* End PBXVariantGroup section */

/* Begin XCBuildConfiguration section */
		C56C85D22423A07900D9C0A2 /* Debug */ = {
			isa = XCBuildConfiguration;
			buildSettings = {
				ALWAYS_SEARCH_USER_PATHS = NO;
				CLANG_ANALYZER_NONNULL = YES;
				CLANG_ANALYZER_NUMBER_OBJECT_CONVERSION = YES_AGGRESSIVE;
				CLANG_CXX_LANGUAGE_STANDARD = "gnu++14";
				CLANG_CXX_LIBRARY = "libc++";
				CLANG_ENABLE_MODULES = YES;
				CLANG_ENABLE_OBJC_ARC = YES;
				CLANG_ENABLE_OBJC_WEAK = YES;
				CLANG_WARN_BLOCK_CAPTURE_AUTORELEASING = YES;
				CLANG_WARN_BOOL_CONVERSION = YES;
				CLANG_WARN_COMMA = YES;
				CLANG_WARN_CONSTANT_CONVERSION = YES;
				CLANG_WARN_DEPRECATED_OBJC_IMPLEMENTATIONS = YES;
				CLANG_WARN_DIRECT_OBJC_ISA_USAGE = YES_ERROR;
				CLANG_WARN_DOCUMENTATION_COMMENTS = YES;
				CLANG_WARN_EMPTY_BODY = YES;
				CLANG_WARN_ENUM_CONVERSION = YES;
				CLANG_WARN_INFINITE_RECURSION = YES;
				CLANG_WARN_INT_CONVERSION = YES;
				CLANG_WARN_NON_LITERAL_NULL_CONVERSION = YES;
				CLANG_WARN_OBJC_IMPLICIT_RETAIN_SELF = YES;
				CLANG_WARN_OBJC_LITERAL_CONVERSION = YES;
				CLANG_WARN_OBJC_ROOT_CLASS = YES_ERROR;
				CLANG_WARN_RANGE_LOOP_ANALYSIS = YES;
				CLANG_WARN_STRICT_PROTOTYPES = YES;
				CLANG_WARN_SUSPICIOUS_MOVE = YES;
				CLANG_WARN_UNGUARDED_AVAILABILITY = YES_AGGRESSIVE;
				CLANG_WARN_UNREACHABLE_CODE = YES;
				CLANG_WARN__DUPLICATE_METHOD_MATCH = YES;
				COPY_PHASE_STRIP = NO;
				DEBUG_INFORMATION_FORMAT = dwarf;
				ENABLE_STRICT_OBJC_MSGSEND = YES;
				ENABLE_TESTABILITY = YES;
				GCC_C_LANGUAGE_STANDARD = gnu11;
				GCC_DYNAMIC_NO_PIC = NO;
				GCC_NO_COMMON_BLOCKS = YES;
				GCC_OPTIMIZATION_LEVEL = 0;
				GCC_PREPROCESSOR_DEFINITIONS = (
					"DEBUG=1",
					"$(inherited)",
				);
				GCC_WARN_64_TO_32_BIT_CONVERSION = YES;
				GCC_WARN_ABOUT_RETURN_TYPE = YES_ERROR;
				GCC_WARN_UNDECLARED_SELECTOR = YES;
				GCC_WARN_UNINITIALIZED_AUTOS = YES_AGGRESSIVE;
				GCC_WARN_UNUSED_FUNCTION = YES;
				GCC_WARN_UNUSED_VARIABLE = YES;
				IPHONEOS_DEPLOYMENT_TARGET = 13.2;
				MTL_ENABLE_DEBUG_INFO = INCLUDE_SOURCE;
				MTL_FAST_MATH = YES;
				ONLY_ACTIVE_ARCH = YES;
				SDKROOT = iphoneos;
				SWIFT_ACTIVE_COMPILATION_CONDITIONS = DEBUG;
				SWIFT_OPTIMIZATION_LEVEL = "-Onone";
			};
			name = Debug;
		};
		C56C85D32423A07900D9C0A2 /* Release */ = {
			isa = XCBuildConfiguration;
			buildSettings = {
				ALWAYS_SEARCH_USER_PATHS = NO;
				CLANG_ANALYZER_NONNULL = YES;
				CLANG_ANALYZER_NUMBER_OBJECT_CONVERSION = YES_AGGRESSIVE;
				CLANG_CXX_LANGUAGE_STANDARD = "gnu++14";
				CLANG_CXX_LIBRARY = "libc++";
				CLANG_ENABLE_MODULES = YES;
				CLANG_ENABLE_OBJC_ARC = YES;
				CLANG_ENABLE_OBJC_WEAK = YES;
				CLANG_WARN_BLOCK_CAPTURE_AUTORELEASING = YES;
				CLANG_WARN_BOOL_CONVERSION = YES;
				CLANG_WARN_COMMA = YES;
				CLANG_WARN_CONSTANT_CONVERSION = YES;
				CLANG_WARN_DEPRECATED_OBJC_IMPLEMENTATIONS = YES;
				CLANG_WARN_DIRECT_OBJC_ISA_USAGE = YES_ERROR;
				CLANG_WARN_DOCUMENTATION_COMMENTS = YES;
				CLANG_WARN_EMPTY_BODY = YES;
				CLANG_WARN_ENUM_CONVERSION = YES;
				CLANG_WARN_INFINITE_RECURSION = YES;
				CLANG_WARN_INT_CONVERSION = YES;
				CLANG_WARN_NON_LITERAL_NULL_CONVERSION = YES;
				CLANG_WARN_OBJC_IMPLICIT_RETAIN_SELF = YES;
				CLANG_WARN_OBJC_LITERAL_CONVERSION = YES;
				CLANG_WARN_OBJC_ROOT_CLASS = YES_ERROR;
				CLANG_WARN_RANGE_LOOP_ANALYSIS = YES;
				CLANG_WARN_STRICT_PROTOTYPES = YES;
				CLANG_WARN_SUSPICIOUS_MOVE = YES;
				CLANG_WARN_UNGUARDED_AVAILABILITY = YES_AGGRESSIVE;
				CLANG_WARN_UNREACHABLE_CODE = YES;
				CLANG_WARN__DUPLICATE_METHOD_MATCH = YES;
				COPY_PHASE_STRIP = NO;
				DEBUG_INFORMATION_FORMAT = "dwarf-with-dsym";
				ENABLE_NS_ASSERTIONS = NO;
				ENABLE_STRICT_OBJC_MSGSEND = YES;
				GCC_C_LANGUAGE_STANDARD = gnu11;
				GCC_NO_COMMON_BLOCKS = YES;
				GCC_WARN_64_TO_32_BIT_CONVERSION = YES;
				GCC_WARN_ABOUT_RETURN_TYPE = YES_ERROR;
				GCC_WARN_UNDECLARED_SELECTOR = YES;
				GCC_WARN_UNINITIALIZED_AUTOS = YES_AGGRESSIVE;
				GCC_WARN_UNUSED_FUNCTION = YES;
				GCC_WARN_UNUSED_VARIABLE = YES;
				IPHONEOS_DEPLOYMENT_TARGET = 13.2;
				MTL_ENABLE_DEBUG_INFO = NO;
				MTL_FAST_MATH = YES;
				SDKROOT = iphoneos;
				SWIFT_COMPILATION_MODE = wholemodule;
				SWIFT_OPTIMIZATION_LEVEL = "-O";
				VALIDATE_PRODUCT = YES;
			};
			name = Release;
		};
		C56C85D52423A07900D9C0A2 /* Debug */ = {
			isa = XCBuildConfiguration;
			buildSettings = {
				ASSETCATALOG_COMPILER_APPICON_NAME = AppIcon;
				CODE_SIGN_ENTITLEMENTS = BreathingAnimation/BreathingAnimation.entitlements;
				CODE_SIGN_STYLE = Automatic;
				DEVELOPMENT_ASSET_PATHS = "\"BreathingAnimation/Preview Content\"";
				DEVELOPMENT_TEAM = UALV34MRH2;
				ENABLE_PREVIEWS = YES;
				INFOPLIST_FILE = BreathingAnimation/Info.plist;
				IPHONEOS_DEPLOYMENT_TARGET = 13.4;
				LD_RUNPATH_SEARCH_PATHS = (
					"$(inherited)",
					"@executable_path/Frameworks",
				);
				PRODUCT_BUNDLE_IDENTIFIER = com.codingBytes.BreathingAnimation;
				PRODUCT_NAME = "$(TARGET_NAME)";
				SUPPORTS_MACCATALYST = YES;
				SWIFT_VERSION = 5.0;
				TARGETED_DEVICE_FAMILY = "1,2";
			};
			name = Debug;
		};
		C56C85D62423A07900D9C0A2 /* Release */ = {
			isa = XCBuildConfiguration;
			buildSettings = {
				ASSETCATALOG_COMPILER_APPICON_NAME = AppIcon;
				CODE_SIGN_ENTITLEMENTS = BreathingAnimation/BreathingAnimation.entitlements;
				CODE_SIGN_STYLE = Automatic;
				DEVELOPMENT_ASSET_PATHS = "\"BreathingAnimation/Preview Content\"";
				DEVELOPMENT_TEAM = UALV34MRH2;
				ENABLE_PREVIEWS = YES;
				INFOPLIST_FILE = BreathingAnimation/Info.plist;
				IPHONEOS_DEPLOYMENT_TARGET = 13.4;
				LD_RUNPATH_SEARCH_PATHS = (
					"$(inherited)",
					"@executable_path/Frameworks",
				);
				PRODUCT_BUNDLE_IDENTIFIER = com.codingBytes.BreathingAnimation;
				PRODUCT_NAME = "$(TARGET_NAME)";
				SUPPORTS_MACCATALYST = YES;
				SWIFT_VERSION = 5.0;
				TARGETED_DEVICE_FAMILY = "1,2";
			};
			name = Release;
		};
/* End XCBuildConfiguration section */

/* Begin XCConfigurationList section */
		C56C85BB2423A07800D9C0A2 /* Build configuration list for PBXProject "BreathingAnimation" */ = {
			isa = XCConfigurationList;
			buildConfigurations = (
				C56C85D22423A07900D9C0A2 /* Debug */,
				C56C85D32423A07900D9C0A2 /* Release */,
			);
			defaultConfigurationIsVisible = 0;
			defaultConfigurationName = Release;
		};
		C56C85D42423A07900D9C0A2 /* Build configuration list for PBXNativeTarget "BreathingAnimation" */ = {
			isa = XCConfigurationList;
			buildConfigurations = (
				C56C85D52423A07900D9C0A2 /* Debug */,
				C56C85D62423A07900D9C0A2 /* Release */,
			);
			defaultConfigurationIsVisible = 0;
			defaultConfigurationName = Release;
		};
/* End XCConfigurationList section */
	};
	rootObject = C56C85B82423A07800D9C0A2 /* Project object */;
}
